# THIS IS AN AUTOGENERATED FILE. DO NOT EDIT THIS FILE DIRECTLY.
# yarn lockfile v1


"@popperjs/core@^2.9.2":
  version "2.11.2"
  resolved "https://registry.yarnpkg.com/@popperjs/core/-/core-2.11.2.tgz#830beaec4b4091a9e9398ac50f865ddea52186b9"
  integrity sha512-92FRmppjjqz29VMJ2dn+xdyXZBrMlE42AV6Kq6BwjWV7CNUW1hs2FtxSNLQE+gJhaZ6AAmYuO9y8dshhcBl7vA==

"@vant/icons@^1.7.1":
  version "1.7.3"
  resolved "https://registry.yarnpkg.com/@vant/icons/-/icons-1.7.3.tgz#e51b46065cfde445617401ebe309a33b62a29725"
  integrity sha512-tW4EqzxN4kXw1rnlnQJQHofEifPbt/gECOWiibomht8QLyvoGuE4iUmDFS288dJ07ZjuTy0bhdABj0SENo2fmQ==

"@vant/popperjs@^1.1.0":
  version "1.1.0"
  resolved "https://registry.yarnpkg.com/@vant/popperjs/-/popperjs-1.1.0.tgz#b4edee5bbfa6fb18705986e313d4fd5f17942a0f"
  integrity sha512-8MD1gz146awV/uPxYjz4pet22f7a9YVKqk7T+gFkWFwT9mEcrIUEg/xPrdOnWKLP9puXyYtm7oVfSDSefZ/p/w==
  dependencies:
    "@popperjs/core" "^2.9.2"

"@vant/use@^1.3.4":
  version "1.3.4"
  resolved "https://registry.yarnpkg.com/@vant/use/-/use-1.3.4.tgz#f99482d63682973a2775aa5c1a9cf906862a4f71"
  integrity sha512-XvZkPCjcmEBhD+T3vB68thOG6P9jazld6aBTMenhbAQd4FT/x9AiKIWPJx4MvhYoSIWt7fju6K01XTJldWs1hw==

"@vant/weapp@^1.10.1":
  version "1.10.1"
  resolved "https://registry.yarnpkg.com/@vant/weapp/-/weapp-1.10.1.tgz#27826903ea2d227c47f32cc1381910b502acd9ba"
  integrity sha512-IdD57pOfhqtzL1LiNLVpCTmSClSX1YyBSy2yLk81KZTjjqFePPNZriSxmx2vdns+S/JpwsQFQ1PprdxD2+Rd9w==

miniprogram-api-typings@^3.4.4:
  version "3.4.4"
  resolved "https://registry.yarnpkg.com/miniprogram-api-typings/-/miniprogram-api-typings-3.4.4.tgz#a68ce1f10ff2479b521cd4af276a23041b90f2f6"
  integrity sha512-vT4avEJxCnscNXjY3rI0dNtU1tf/mNll9RhAS0uS+eN5IdQ7MrnG5thGOxjoWnDJSiPYLG912IMcf6KKsXEDAQ==

vant@^3.4.0:
  version "3.4.0"
  resolved "https://registry.yarnpkg.com/vant/-/vant-3.4.0.tgz#b54682518c80689edd600add6036b177f6229287"
  integrity sha512-lHnuIRdB0RAkjBcE2CMGsM1mUBX8wDfbN9Tz68GIiEUVIJumzm7gHU9gyGDZsnSxyJvh4tlS5HSF/nxhvo10EA==
  dependencies:
    "@vant/icons" "^1.7.1"
    "@vant/popperjs" "^1.1.0"
    "@vant/use" "^1.3.4"
